
Microsoft Visual Studio Solution File, Format Version 12.00
# Visual Studio Version 17
VisualStudioVersion = 17.11.35303.130
MinimumVisualStudioVersion = 10.0.40219.1
Project("{FAE04EC0-301F-11D3-BF4B-00C04F79EFBC}") = "VictuZWebProject", "VictuZWebProject\VictuZWebProject.csproj", "{6C5AC834-6A83-4298-BA68-C8040BACC0CE}"
EndProject
Global
	GlobalSection(SolutionConfigurationPlatforms) = preSolution
		Debug|Any CPU = Debug|Any CPU
		Release|Any CPU = Release|Any CPU
	EndGlobalSection
	GlobalSection(ProjectConfigurationPlatforms) = postSolution
		{6C5AC834-6A83-4298-BA68-C8040BACC0CE}.Debug|Any CPU.ActiveCfg = Debug|Any CPU
		{6C5AC834-6A83-4298-BA68-C8040BACC0CE}.Debug|Any CPU.Build.0 = Debug|Any CPU
		{6C5AC834-6A83-4298-BA68-C8040BACC0CE}.Release|Any CPU.ActiveCfg = Release|Any CPU
		{6C5AC834-6A83-4298-BA68-C8040BACC0CE}.Release|Any CPU.Build.0 = Release|Any CPU
	EndGlobalSection
	GlobalSection(SolutionProperties) = preSolution
		HideSolutionNode = FALSE
	EndGlobalSection
	GlobalSection(ExtensibilityGlobals) = postSolution
		SolutionGuid = {AA3C7D28-8362-4C8F-A8AB-D7AB9B49BB87}
	EndGlobalSection
EndGlobal
